
Microsoft Visual Studio Solution File, Format Version 12.00
# Visual Studio Version 17
VisualStudioVersion = 17.10.35122.118
MinimumVisualStudioVersion = 10.0.40219.1
Project("{FAE04EC0-301F-11D3-BF4B-00C04F79EFBC}") = "View", "Editor De Texto (Aplicando Conceitos De Pilhas)\View.csproj", "{5F87F8E0-F035-4C87-8F5B-B9B8C69E6DDC}"
EndProject
Project("{FAE04EC0-301F-11D3-BF4B-00C04F79EFBC}") = "MODAL", "MODAL\MODAL.csproj", "{87E8FEC0-B464-4925-A8FA-CE1C534FAF76}"
EndProject
Project("{FAE04EC0-301F-11D3-BF4B-00C04F79EFBC}") = "Controller", "Controller\Controller.csproj", "{B4F69F2B-C6B3-4D13-B5AC-9956A4566AC2}"
EndProject
Global
	GlobalSection(SolutionConfigurationPlatforms) = preSolution
		Debug|Any CPU = Debug|Any CPU
		Release|Any CPU = Release|Any CPU
	EndGlobalSection
	GlobalSection(ProjectConfigurationPlatforms) = postSolution
		{5F87F8E0-F035-4C87-8F5B-B9B8C69E6DDC}.Debug|Any CPU.ActiveCfg = Debug|Any CPU
		{5F87F8E0-F035-4C87-8F5B-B9B8C69E6DDC}.Debug|Any CPU.Build.0 = Debug|Any CPU
		{5F87F8E0-F035-4C87-8F5B-B9B8C69E6DDC}.Release|Any CPU.ActiveCfg = Release|Any CPU
		{5F87F8E0-F035-4C87-8F5B-B9B8C69E6DDC}.Release|Any CPU.Build.0 = Release|Any CPU
		{87E8FEC0-B464-4925-A8FA-CE1C534FAF76}.Debug|Any CPU.ActiveCfg = Debug|Any CPU
		{87E8FEC0-B464-4925-A8FA-CE1C534FAF76}.Debug|Any CPU.Build.0 = Debug|Any CPU
		{87E8FEC0-B464-4925-A8FA-CE1C534FAF76}.Release|Any CPU.ActiveCfg = Release|Any CPU
		{87E8FEC0-B464-4925-A8FA-CE1C534FAF76}.Release|Any CPU.Build.0 = Release|Any CPU
		{B4F69F2B-C6B3-4D13-B5AC-9956A4566AC2}.Debug|Any CPU.ActiveCfg = Debug|Any CPU
		{B4F69F2B-C6B3-4D13-B5AC-9956A4566AC2}.Debug|Any CPU.Build.0 = Debug|Any CPU
		{B4F69F2B-C6B3-4D13-B5AC-9956A4566AC2}.Release|Any CPU.ActiveCfg = Release|Any CPU
		{B4F69F2B-C6B3-4D13-B5AC-9956A4566AC2}.Release|Any CPU.Build.0 = Release|Any CPU
	EndGlobalSection
	GlobalSection(SolutionProperties) = preSolution
		HideSolutionNode = FALSE
	EndGlobalSection
	GlobalSection(ExtensibilityGlobals) = postSolution
		SolutionGuid = {0313C301-D281-426A-9E29-5D08455E635B}
	EndGlobalSection
EndGlobal
